
Microsoft Visual Studio Solution File, Format Version 12.00
# Visual Studio 15
VisualStudioVersion = 15.0.28010.2041
MinimumVisualStudioVersion = 10.0.40219.1
Project("{FAE04EC0-301F-11D3-BF4B-00C04F79EFBC}") = "LoginLibrary", "LoginLibrary_CS\LoginLibrary.csproj", "{474F245C-2DA7-4A12-9F4D-96101BD9F7FB}"
EndProject
Project("{FAE04EC0-301F-11D3-BF4B-00C04F79EFBC}") = "WindowsFormsApplication1", "WindowsFormsApplication1\WindowsFormsApplication1.csproj", "{01D4A8BD-80FC-4EF6-AC28-780F293A933A}"
EndProject
Project("{FAE04EC0-301F-11D3-BF4B-00C04F79EFBC}") = "SecureConnection", "SecureConnection\SecureConnection.csproj", "{8B1F4C81-5DDE-488B-97BC-0F0591F20921}"
EndProject
Project("{2150E333-8FDC-42A3-9474-1A3956D46DE8}") = "Solution Items", "Solution Items", "{345CEAE8-F0BE-490F-A96C-07F185DF5C3B}"
	ProjectSection(SolutionItems) = preProject
		readme.md = readme.md
	EndProjectSection
EndProject
Global
	GlobalSection(SolutionConfigurationPlatforms) = preSolution
		Debug|Any CPU = Debug|Any CPU
		Release|Any CPU = Release|Any CPU
	EndGlobalSection
	GlobalSection(ProjectConfigurationPlatforms) = postSolution
		{474F245C-2DA7-4A12-9F4D-96101BD9F7FB}.Debug|Any CPU.ActiveCfg = Debug|Any CPU
		{474F245C-2DA7-4A12-9F4D-96101BD9F7FB}.Debug|Any CPU.Build.0 = Debug|Any CPU
		{474F245C-2DA7-4A12-9F4D-96101BD9F7FB}.Release|Any CPU.ActiveCfg = Release|Any CPU
		{474F245C-2DA7-4A12-9F4D-96101BD9F7FB}.Release|Any CPU.Build.0 = Release|Any CPU
		{01D4A8BD-80FC-4EF6-AC28-780F293A933A}.Debug|Any CPU.ActiveCfg = Debug|Any CPU
		{01D4A8BD-80FC-4EF6-AC28-780F293A933A}.Debug|Any CPU.Build.0 = Debug|Any CPU
		{01D4A8BD-80FC-4EF6-AC28-780F293A933A}.Release|Any CPU.ActiveCfg = Release|Any CPU
		{01D4A8BD-80FC-4EF6-AC28-780F293A933A}.Release|Any CPU.Build.0 = Release|Any CPU
		{8B1F4C81-5DDE-488B-97BC-0F0591F20921}.Debug|Any CPU.ActiveCfg = Debug|Any CPU
		{8B1F4C81-5DDE-488B-97BC-0F0591F20921}.Debug|Any CPU.Build.0 = Debug|Any CPU
		{8B1F4C81-5DDE-488B-97BC-0F0591F20921}.Release|Any CPU.ActiveCfg = Release|Any CPU
		{8B1F4C81-5DDE-488B-97BC-0F0591F20921}.Release|Any CPU.Build.0 = Release|Any CPU
	EndGlobalSection
	GlobalSection(SolutionProperties) = preSolution
		HideSolutionNode = FALSE
	EndGlobalSection
	GlobalSection(ExtensibilityGlobals) = postSolution
		SolutionGuid = {0CD7032B-9CCC-4C98-AC2B-8CC70EA4A181}
	EndGlobalSection
EndGlobal
